// !$*UTF8*$!
{
	archiveVersion = 1;
	classes = {
	};
	objectVersion = 46;
	objects = {

/* Begin PBXBuildFile section */
		BB1DB8F7163A7BD600948597 /* UIKit.framework in Frameworks */ = {isa = PBXBuildFile; fileRef = BB1DB8F6163A7BD600948597 /* UIKit.framework */; };
		BB1DB8F9163A7BD600948597 /* Foundation.framework in Frameworks */ = {isa = PBXBuildFile; fileRef = BB1DB8F8163A7BD600948597 /* Foundation.framework */; };
		BB1DB8FB163A7BD600948597 /* CoreGraphics.framework in Frameworks */ = {isa = PBXBuildFile; fileRef = BB1DB8FA163A7BD600948597 /* CoreGraphics.framework */; };
		BB1DB901163A7BD600948597 /* InfoPlist.strings in Resources */ = {isa = PBXBuildFile; fileRef = BB1DB8FF163A7BD600948597 /* InfoPlist.strings */; };
		BB1DB903163A7BD600948597 /* main.m in Sources */ = {isa = PBXBuildFile; fileRef = BB1DB902163A7BD600948597 /* main.m */; };
		BB1DB907163A7BD600948597 /* AppDelegate.m in Sources */ = {isa = PBXBuildFile; fileRef = BB1DB906163A7BD600948597 /* AppDelegate.m */; };
		BB1DB909163A7BD600948597 /* Default.png in Resources */ = {isa = PBXBuildFile; fileRef = BB1DB908163A7BD600948597 /* Default.png */; };
		BB1DB90B163A7BD600948597 /* Default@2x.png in Resources */ = {isa = PBXBuildFile; fileRef = BB1DB90A163A7BD600948597 /* Default@2x.png */; };
		BB1DB90D163A7BD600948597 /* Default-568h@2x.png in Resources */ = {isa = PBXBuildFile; fileRef = BB1DB90C163A7BD600948597 /* Default-568h@2x.png */; };
		BB1DB910163A7BD600948597 /* ViewController.m in Sources */ = {isa = PBXBuildFile; fileRef = BB1DB90F163A7BD600948597 /* ViewController.m */; };
		BB1DB913163A7BD600948597 /* ViewController.xib in Resources */ = {isa = PBXBuildFile; fileRef = BB1DB911163A7BD600948597 /* ViewController.xib */; };
		BB1DB91B163A7BF300948597 /* ShapesView.m in Sources */ = {isa = PBXBuildFile; fileRef = BB1DB91A163A7BF300948597 /* ShapesView.m */; };
		BB1DB91D163A7DD900948597 /* katz_shapes.png in Resources */ = {isa = PBXBuildFile; fileRef = BB1DB91C163A7DD900948597 /* katz_shapes.png */; };
/* End PBXBuildFile section */

/* Begin PBXFileReference section */
		BB1DB8F2163A7BD600948597 /* Shapes.app */ = {isa = PBXFileReference; explicitFileType = wrapper.application; includeInIndex = 0; path = Shapes.app; sourceTree = BUILT_PRODUCTS_DIR; };
		BB1DB8F6163A7BD600948597 /* UIKit.framework */ = {isa = PBXFileReference; lastKnownFileType = wrapper.framework; name = UIKit.framework; path = System/Library/Frameworks/UIKit.framework; sourceTree = SDKROOT; };
		BB1DB8F8163A7BD600948597 /* Foundation.framework */ = {isa = PBXFileReference; lastKnownFileType = wrapper.framework; name = Foundation.framework; path = System/Library/Frameworks/Foundation.framework; sourceTree = SDKROOT; };
		BB1DB8FA163A7BD600948597 /* CoreGraphics.framework */ = {isa = PBXFileReference; lastKnownFileType = wrapper.framework; name = CoreGraphics.framework; path = System/Library/Frameworks/CoreGraphics.framework; sourceTree = SDKROOT; };
		BB1DB8FE163A7BD600948597 /* Shapes-Info.plist */ = {isa = PBXFileReference; lastKnownFileType = text.plist.xml; path = "Shapes-Info.plist"; sourceTree = "<group>"; };
		BB1DB900163A7BD600948597 /* en */ = {isa = PBXFileReference; lastKnownFileType = text.plist.strings; name = en; path = en.lproj/InfoPlist.strings; sourceTree = "<group>"; };
		BB1DB902163A7BD600948597 /* main.m */ = {isa = PBXFileReference; lastKnownFileType = sourcecode.c.objc; path = main.m; sourceTree = "<group>"; };
		BB1DB904163A7BD600948597 /* Shapes-Prefix.pch */ = {isa = PBXFileReference; lastKnownFileType = sourcecode.c.h; path = "Shapes-Prefix.pch"; sourceTree = "<group>"; };
		BB1DB905163A7BD600948597 /* AppDelegate.h */ = {isa = PBXFileReference; lastKnownFileType = sourcecode.c.h; path = AppDelegate.h; sourceTree = "<group>"; };
		BB1DB906163A7BD600948597 /* AppDelegate.m */ = {isa = PBXFileReference; lastKnownFileType = sourcecode.c.objc; path = AppDelegate.m; sourceTree = "<group>"; };
		BB1DB908163A7BD600948597 /* Default.png */ = {isa = PBXFileReference; lastKnownFileType = image.png; path = Default.png; sourceTree = "<group>"; };
		BB1DB90A163A7BD600948597 /* Default@2x.png */ = {isa = PBXFileReference; lastKnownFileType = image.png; path = "Default@2x.png"; sourceTree = "<group>"; };
		BB1DB90C163A7BD600948597 /* Default-568h@2x.png */ = {isa = PBXFileReference; lastKnownFileType = image.png; path = "Default-568h@2x.png"; sourceTree = "<group>"; };
		BB1DB90E163A7BD600948597 /* ViewController.h */ = {isa = PBXFileReference; lastKnownFileType = sourcecode.c.h; path = ViewController.h; sourceTree = "<group>"; };
		BB1DB90F163A7BD600948597 /* ViewController.m */ = {isa = PBXFileReference; lastKnownFileType = sourcecode.c.objc; path = ViewController.m; sourceTree = "<group>"; };
		BB1DB912163A7BD600948597 /* en */ = {isa = PBXFileReference; lastKnownFileType = file.xib; name = en; path = en.lproj/ViewController.xib; sourceTree = "<group>"; };
		BB1DB919163A7BF300948597 /* ShapesView.h */ = {isa = PBXFileReference; fileEncoding = 4; lastKnownFileType = sourcecode.c.h; path = ShapesView.h; sourceTree = SOURCE_ROOT; };
		BB1DB91A163A7BF300948597 /* ShapesView.m */ = {isa = PBXFileReference; fileEncoding = 4; lastKnownFileType = sourcecode.c.objc; path = ShapesView.m; sourceTree = SOURCE_ROOT; };
		BB1DB91C163A7DD900948597 /* katz_shapes.png */ = {isa = PBXFileReference; lastKnownFileType = image.png; path = katz_shapes.png; sourceTree = "<group>"; };
/* End PBXFileReference section */

/* Begin PBXFrameworksBuildPhase section */
		BB1DB8EF163A7BD600948597 /* Frameworks */ = {
			isa = PBXFrameworksBuildPhase;
			buildActionMask = 2147483647;
			files = (
				BB1DB8F7163A7BD600948597 /* UIKit.framework in Frameworks */,
				BB1DB8F9163A7BD600948597 /* Foundation.framework in Frameworks */,
				BB1DB8FB163A7BD600948597 /* CoreGraphics.framework in Frameworks */,
			);
			runOnlyForDeploymentPostprocessing = 0;
		};
/* End PBXFrameworksBuildPhase section */

/* Begin PBXGroup section */
		BB1DB8E7163A7BD600948597 = {
			isa = PBXGroup;
			children = (
				BB1DB91C163A7DD900948597 /* katz_shapes.png */,
				BB1DB8FC163A7BD600948597 /* Shapes */,
				BB1DB8F5163A7BD600948597 /* Frameworks */,
				BB1DB8F3163A7BD600948597 /* Products */,
			);
			sourceTree = "<group>";
		};
		BB1DB8F3163A7BD600948597 /* Products */ = {
			isa = PBXGroup;
			children = (
				BB1DB8F2163A7BD600948597 /* Shapes.app */,
			);
			name = Products;
			sourceTree = "<group>";
		};
		BB1DB8F5163A7BD600948597 /* Frameworks */ = {
			isa = PBXGroup;
			children = (
				BB1DB8F6163A7BD600948597 /* UIKit.framework */,
				BB1DB8F8163A7BD600948597 /* Foundation.framework */,
				BB1DB8FA163A7BD600948597 /* CoreGraphics.framework */,
			);
			name = Frameworks;
			sourceTree = "<group>";
		};
		BB1DB8FC163A7BD600948597 /* Shapes */ = {
			isa = PBXGroup;
			children = (
				BB1DB919163A7BF300948597 /* ShapesView.h */,
				BB1DB91A163A7BF300948597 /* ShapesView.m */,
				BB1DB905163A7BD600948597 /* AppDelegate.h */,
				BB1DB906163A7BD600948597 /* AppDelegate.m */,
				BB1DB90E163A7BD600948597 /* ViewController.h */,
				BB1DB90F163A7BD600948597 /* ViewController.m */,
				BB1DB911163A7BD600948597 /* ViewController.xib */,
				BB1DB8FD163A7BD600948597 /* Supporting Files */,
			);
			path = Shapes;
			sourceTree = "<group>";
		};
		BB1DB8FD163A7BD600948597 /* Supporting Files */ = {
			isa = PBXGroup;
			children = (
				BB1DB8FE163A7BD600948597 /* Shapes-Info.plist */,
				BB1DB8FF163A7BD600948597 /* InfoPlist.strings */,
				BB1DB902163A7BD600948597 /* main.m */,
				BB1DB904163A7BD600948597 /* Shapes-Prefix.pch */,
				BB1DB908163A7BD600948597 /* Default.png */,
				BB1DB90A163A7BD600948597 /* Default@2x.png */,
				BB1DB90C163A7BD600948597 /* Default-568h@2x.png */,
			);
			name = "Supporting Files";
			sourceTree = "<group>";
		};
/* End PBXGroup section */

/* Begin PBXNativeTarget section */
		BB1DB8F1163A7BD600948597 /* Shapes */ = {
			isa = PBXNativeTarget;
			buildConfigurationList = BB1DB916163A7BD600948597 /* Build configuration list for PBXNativeTarget "Shapes" */;
			buildPhases = (
				BB1DB8EE163A7BD600948597 /* Sources */,
				BB1DB8EF163A7BD600948597 /* Frameworks */,
				BB1DB8F0163A7BD600948597 /* Resources */,
			);
			buildRules = (
			);
			dependencies = (
			);
			name = Shapes;
			productName = Shapes;
			productReference = BB1DB8F2163A7BD600948597 /* Shapes.app */;
			productType = "com.apple.product-type.application";
		};
/* End PBXNativeTarget section */

/* Begin PBXProject section */
		BB1DB8E9163A7BD600948597 /* Project object */ = {
			isa = PBXProject;
			attributes = {
				LastUpgradeCheck = 0450;
				ORGANIZATIONNAME = "Heymès Lucas";
			};
			buildConfigurationList = BB1DB8EC163A7BD600948597 /* Build configuration list for PBXProject "Shapes" */;
			compatibilityVersion = "Xcode 3.2";
			developmentRegion = English;
			hasScannedForEncodings = 0;
			knownRegions = (
				en,
			);
			mainGroup = BB1DB8E7163A7BD600948597;
			productRefGroup = BB1DB8F3163A7BD600948597 /* Products */;
			projectDirPath = "";
			projectRoot = "";
			targets = (
				BB1DB8F1163A7BD600948597 /* Shapes */,
			);
		};
/* End PBXProject section */

/* Begin PBXResourcesBuildPhase section */
		BB1DB8F0163A7BD600948597 /* Resources */ = {
			isa = PBXResourcesBuildPhase;
			buildActionMask = 2147483647;
			files = (
				BB1DB901163A7BD600948597 /* InfoPlist.strings in Resources */,
				BB1DB909163A7BD600948597 /* Default.png in Resources */,
				BB1DB90B163A7BD600948597 /* Default@2x.png in Resources */,
				BB1DB90D163A7BD600948597 /* Default-568h@2x.png in Resources */,
				BB1DB913163A7BD600948597 /* ViewController.xib in Resources */,
				BB1DB91D163A7DD900948597 /* katz_shapes.png in Resources */,
			);
			runOnlyForDeploymentPostprocessing = 0;
		};
/* End PBXResourcesBuildPhase section */

/* Begin PBXSourcesBuildPhase section */
		BB1DB8EE163A7BD600948597 /* Sources */ = {
			isa = PBXSourcesBuildPhase;
			buildActionMask = 2147483647;
			files = (
				BB1DB903163A7BD600948597 /* main.m in Sources */,
				BB1DB907163A7BD600948597 /* AppDelegate.m in Sources */,
				BB1DB910163A7BD600948597 /* ViewController.m in Sources */,
				BB1DB91B163A7BF300948597 /* ShapesView.m in Sources */,
			);
			runOnlyForDeploymentPostprocessing = 0;
		};
/* End PBXSourcesBuildPhase section */

/* Begin PBXVariantGroup section */
		BB1DB8FF163A7BD600948597 /* InfoPlist.strings */ = {
			isa = PBXVariantGroup;
			children = (
				BB1DB900163A7BD600948597 /* en */,
			);
			name = InfoPlist.strings;
			sourceTree = "<group>";
		};
		BB1DB911163A7BD600948597 /* ViewController.xib */ = {
			isa = PBXVariantGroup;
			children = (
				BB1DB912163A7BD600948597 /* en */,
			);
			name = ViewController.xib;
			sourceTree = "<group>";
		};
/* End PBXVariantGroup section */

/* Begin XCBuildConfiguration section */
		BB1DB914163A7BD600948597 /* Debug */ = {
			isa = XCBuildConfiguration;
			buildSettings = {
				ALWAYS_SEARCH_USER_PATHS = NO;
				CLANG_CXX_LANGUAGE_STANDARD = "gnu++0x";
				CLANG_CXX_LIBRARY = "libc++";
				CLANG_WARN_EMPTY_BODY = YES;
				CLANG_WARN__DUPLICATE_METHOD_MATCH = YES;
				"CODE_SIGN_IDENTITY[sdk=iphoneos*]" = "iPhone Developer";
				COPY_PHASE_STRIP = NO;
				GCC_C_LANGUAGE_STANDARD = gnu99;
				GCC_DYNAMIC_NO_PIC = NO;
				GCC_OPTIMIZATION_LEVEL = 0;
				GCC_PREPROCESSOR_DEFINITIONS = (
					"DEBUG=1",
					"$(inherited)",
				);
				GCC_SYMBOLS_PRIVATE_EXTERN = NO;
				GCC_WARN_ABOUT_RETURN_TYPE = YES;
				GCC_WARN_UNINITIALIZED_AUTOS = YES;
				GCC_WARN_UNUSED_VARIABLE = YES;
				IPHONEOS_DEPLOYMENT_TARGET = 6.0;
				ONLY_ACTIVE_ARCH = YES;
				SDKROOT = iphoneos;
			};
			name = Debug;
		};
		BB1DB915163A7BD600948597 /* Release */ = {
			isa = XCBuildConfiguration;
			buildSettings = {
				ALWAYS_SEARCH_USER_PATHS = NO;
				CLANG_CXX_LANGUAGE_STANDARD = "gnu++0x";
				CLANG_CXX_LIBRARY = "libc++";
				CLANG_WARN_EMPTY_BODY = YES;
				CLANG_WARN__DUPLICATE_METHOD_MATCH = YES;
				"CODE_SIGN_IDENTITY[sdk=iphoneos*]" = "iPhone Developer";
				COPY_PHASE_STRIP = YES;
				GCC_C_LANGUAGE_STANDARD = gnu99;
				GCC_WARN_ABOUT_RETURN_TYPE = YES;
				GCC_WARN_UNINITIALIZED_AUTOS = YES;
				GCC_WARN_UNUSED_VARIABLE = YES;
				IPHONEOS_DEPLOYMENT_TARGET = 6.0;
				OTHER_CFLAGS = "-DNS_BLOCK_ASSERTIONS=1";
				SDKROOT = iphoneos;
				VALIDATE_PRODUCT = YES;
			};
			name = Release;
		};
		BB1DB917163A7BD600948597 /* Debug */ = {
			isa = XCBuildConfiguration;
			buildSettings = {
				GCC_PRECOMPILE_PREFIX_HEADER = YES;
				GCC_PREFIX_HEADER = "Shapes/Shapes-Prefix.pch";
				INFOPLIST_FILE = "Shapes/Shapes-Info.plist";
				PRODUCT_NAME = "$(TARGET_NAME)";
				WRAPPER_EXTENSION = app;
			};
			name = Debug;
		};
		BB1DB918163A7BD600948597 /* Release */ = {
			isa = XCBuildConfiguration;
			buildSettings = {
				GCC_PRECOMPILE_PREFIX_HEADER = YES;
				GCC_PREFIX_HEADER = "Shapes/Shapes-Prefix.pch";
				INFOPLIST_FILE = "Shapes/Shapes-Info.plist";
				PRODUCT_NAME = "$(TARGET_NAME)";
				WRAPPER_EXTENSION = app;
			};
			name = Release;
		};
/* End XCBuildConfiguration section */

/* Begin XCConfigurationList section */
		BB1DB8EC163A7BD600948597 /* Build configuration list for PBXProject "Shapes" */ = {
			isa = XCConfigurationList;
			buildConfigurations = (
				BB1DB914163A7BD600948597 /* Debug */,
				BB1DB915163A7BD600948597 /* Release */,
			);
			defaultConfigurationIsVisible = 0;
			defaultConfigurationName = Release;
		};
		BB1DB916163A7BD600948597 /* Build configuration list for PBXNativeTarget "Shapes" */ = {
			isa = XCConfigurationList;
			buildConfigurations = (
				BB1DB917163A7BD600948597 /* Debug */,
				BB1DB918163A7BD600948597 /* Release */,
			);
			defaultConfigurationIsVisible = 0;
		};
/* End XCConfigurationList section */
	};
	rootObject = BB1DB8E9163A7BD600948597 /* Project object */;
}
